
Microsoft Visual Studio Solution File, Format Version 12.00
# Visual Studio 15
VisualStudioVersion = 15.0.28307.271
MinimumVisualStudioVersion = 10.0.40219.1
Project("{FAE04EC0-301F-11D3-BF4B-00C04F79EFBC}") = "Timeline", "Timeline\Timeline.csproj", "{1055A2FC-9E37-46F5-84B5-8678CCBD6C31}"
EndProject
Project("{2150E333-8FDC-42A3-9474-1A3956D46DE8}") = "Documents", "Documents", "{76C000FE-8F36-4F3C-A126-0B52DC7D8AA1}"
	ProjectSection(SolutionItems) = preProject
		event_timeline_set.json = event_timeline_set.json
		mod.json = mod.json
		README.md = README.md
	EndProjectSection
EndProject
Global
	GlobalSection(SolutionConfigurationPlatforms) = preSolution
		Debug|Any CPU = Debug|Any CPU
		Release|Any CPU = Release|Any CPU
	EndGlobalSection
	GlobalSection(ProjectConfigurationPlatforms) = postSolution
		{1055A2FC-9E37-46F5-84B5-8678CCBD6C31}.Debug|Any CPU.ActiveCfg = Debug|Any CPU
		{1055A2FC-9E37-46F5-84B5-8678CCBD6C31}.Debug|Any CPU.Build.0 = Debug|Any CPU
		{1055A2FC-9E37-46F5-84B5-8678CCBD6C31}.Release|Any CPU.ActiveCfg = Release|Any CPU
		{1055A2FC-9E37-46F5-84B5-8678CCBD6C31}.Release|Any CPU.Build.0 = Release|Any CPU
	EndGlobalSection
	GlobalSection(SolutionProperties) = preSolution
		HideSolutionNode = FALSE
	EndGlobalSection
	GlobalSection(ExtensibilityGlobals) = postSolution
		SolutionGuid = {E80EF2D0-F0E3-48F8-9D2D-BEEC4A1C2499}
	EndGlobalSection
EndGlobal
